// !$*UTF8*$!
{
	archiveVersion = 1;
	classes = {
	};
	objectVersion = 46;
	objects = {

/* Begin PBXBuildFile section */
		22656DEA1C1F67D700BF6959 /* VerticalScrollViewController.swift in Sources */ = {isa = PBXBuildFile; fileRef = 22656DE91C1F67D700BF6959 /* VerticalScrollViewController.swift */; };
		22656DEC1C2059C100BF6959 /* Main.storyboard in Resources */ = {isa = PBXBuildFile; fileRef = 22656DEB1C2059C100BF6959 /* Main.storyboard */; };
		22656DEE1C205A6800BF6959 /* Launch Screen.storyboard in Resources */ = {isa = PBXBuildFile; fileRef = 22656DED1C205A6800BF6959 /* Launch Screen.storyboard */; };
		22D3F91A1B87A81D00D132E3 /* Images.xcassets in Resources */ = {isa = PBXBuildFile; fileRef = 22D3F9191B87A81D00D132E3 /* Images.xcassets */; };
		22D3F92C1B87A8B800D132E3 /* AppDelegate.swift in Sources */ = {isa = PBXBuildFile; fileRef = 22D3F9201B87A8B800D132E3 /* AppDelegate.swift */; };
		22D3F9311B87A8B800D132E3 /* SnapContainerViewController.swift in Sources */ = {isa = PBXBuildFile; fileRef = 22D3F9251B87A8B800D132E3 /* SnapContainerViewController.swift */; };
/* End PBXBuildFile section */

/* Begin PBXFileReference section */
		22656DE91C1F67D700BF6959 /* VerticalScrollViewController.swift */ = {isa = PBXFileReference; fileEncoding = 4; lastKnownFileType = sourcecode.swift; path = VerticalScrollViewController.swift; sourceTree = "<group>"; };
		22656DEB1C2059C100BF6959 /* Main.storyboard */ = {isa = PBXFileReference; fileEncoding = 4; lastKnownFileType = file.storyboard; name = Main.storyboard; path = ../Main.storyboard; sourceTree = "<group>"; };
		22656DED1C205A6800BF6959 /* Launch Screen.storyboard */ = {isa = PBXFileReference; fileEncoding = 4; lastKnownFileType = file.storyboard; name = "Launch Screen.storyboard"; path = "../Launch Screen.storyboard"; sourceTree = "<group>"; };
		22D3F9191B87A81D00D132E3 /* Images.xcassets */ = {isa = PBXFileReference; lastKnownFileType = folder.assetcatalog; path = Images.xcassets; sourceTree = "<group>"; };
		22D3F9201B87A8B800D132E3 /* AppDelegate.swift */ = {isa = PBXFileReference; fileEncoding = 4; lastKnownFileType = sourcecode.swift; path = AppDelegate.swift; sourceTree = "<group>"; };
		22D3F9251B87A8B800D132E3 /* SnapContainerViewController.swift */ = {isa = PBXFileReference; fileEncoding = 4; lastKnownFileType = sourcecode.swift; path = SnapContainerViewController.swift; sourceTree = "<group>"; };
		C6164C1B1984D1CD00F8F7D7 /* SnapchatSwipeView.app */ = {isa = PBXFileReference; explicitFileType = wrapper.application; includeInIndex = 0; path = SnapchatSwipeView.app; sourceTree = BUILT_PRODUCTS_DIR; };
		C6164C1F1984D1CD00F8F7D7 /* Info.plist */ = {isa = PBXFileReference; lastKnownFileType = text.plist.xml; path = Info.plist; sourceTree = "<group>"; };
		C6164C321984D1CD00F8F7D7 /* Info.plist */ = {isa = PBXFileReference; lastKnownFileType = text.plist.xml; path = Info.plist; sourceTree = "<group>"; };
		C6164C331984D1CD00F8F7D7 /* SnapchatSwipeViewTests.swift */ = {isa = PBXFileReference; lastKnownFileType = sourcecode.swift; path = SnapchatSwipeViewTests.swift; sourceTree = "<group>"; };
/* End PBXFileReference section */

/* Begin PBXFrameworksBuildPhase section */
		C6164C181984D1CD00F8F7D7 /* Frameworks */ = {
			isa = PBXFrameworksBuildPhase;
			buildActionMask = 2147483647;
			files = (
			);
			runOnlyForDeploymentPostprocessing = 0;
		};
/* End PBXFrameworksBuildPhase section */

/* Begin PBXGroup section */
		2200D71B1B87A97E0081389A /* Container View */ = {
			isa = PBXGroup;
			children = (
				22D3F9251B87A8B800D132E3 /* SnapContainerViewController.swift */,
				22656DE91C1F67D700BF6959 /* VerticalScrollViewController.swift */,
			);
			name = "Container View";
			sourceTree = "<group>";
		};
		C6164C121984D1CD00F8F7D7 = {
			isa = PBXGroup;
			children = (
				C6164C1D1984D1CD00F8F7D7 /* SnapchatSwipeView */,
				C6164C301984D1CD00F8F7D7 /* SnapchatSwipeViewTests */,
				C6164C1C1984D1CD00F8F7D7 /* Products */,
			);
			sourceTree = "<group>";
		};
		C6164C1C1984D1CD00F8F7D7 /* Products */ = {
			isa = PBXGroup;
			children = (
				C6164C1B1984D1CD00F8F7D7 /* SnapchatSwipeView.app */,
			);
			name = Products;
			sourceTree = "<group>";
		};
		C6164C1D1984D1CD00F8F7D7 /* SnapchatSwipeView */ = {
			isa = PBXGroup;
			children = (
				22656DED1C205A6800BF6959 /* Launch Screen.storyboard */,
				22656DEB1C2059C100BF6959 /* Main.storyboard */,
				22D3F9201B87A8B800D132E3 /* AppDelegate.swift */,
				2200D71B1B87A97E0081389A /* Container View */,
				22D3F9191B87A81D00D132E3 /* Images.xcassets */,
				C6164C1E1984D1CD00F8F7D7 /* Supporting Files */,
			);
			path = SnapchatSwipeView;
			sourceTree = "<group>";
		};
		C6164C1E1984D1CD00F8F7D7 /* Supporting Files */ = {
			isa = PBXGroup;
			children = (
				C6164C1F1984D1CD00F8F7D7 /* Info.plist */,
			);
			name = "Supporting Files";
			sourceTree = "<group>";
		};
		C6164C301984D1CD00F8F7D7 /* SnapchatSwipeViewTests */ = {
			isa = PBXGroup;
			children = (
				C6164C331984D1CD00F8F7D7 /* SnapchatSwipeViewTests.swift */,
				C6164C311984D1CD00F8F7D7 /* Supporting Files */,
			);
			path = SnapchatSwipeViewTests;
			sourceTree = "<group>";
		};
		C6164C311984D1CD00F8F7D7 /* Supporting Files */ = {
			isa = PBXGroup;
			children = (
				C6164C321984D1CD00F8F7D7 /* Info.plist */,
			);
			name = "Supporting Files";
			sourceTree = "<group>";
		};
/* End PBXGroup section */

/* Begin PBXNativeTarget section */
		C6164C1A1984D1CD00F8F7D7 /* SnapchatSwipeView */ = {
			isa = PBXNativeTarget;
			buildConfigurationList = C6164C371984D1CD00F8F7D7 /* Build configuration list for PBXNativeTarget "SnapchatSwipeView" */;
			buildPhases = (
				C6164C171984D1CD00F8F7D7 /* Sources */,
				C6164C181984D1CD00F8F7D7 /* Frameworks */,
				C6164C191984D1CD00F8F7D7 /* Resources */,
			);
			buildRules = (
			);
			dependencies = (
			);
			name = SnapchatSwipeView;
			productName = SnapchatSwipeView;
			productReference = C6164C1B1984D1CD00F8F7D7 /* SnapchatSwipeView.app */;
			productType = "com.apple.product-type.application";
		};
/* End PBXNativeTarget section */

/* Begin PBXProject section */
		C6164C131984D1CD00F8F7D7 /* Project object */ = {
			isa = PBXProject;
			attributes = {
				LastSwiftMigration = 0720;
				LastSwiftUpdateCheck = 0720;
				LastUpgradeCheck = 0600;
				ORGANIZATIONNAME = "Brendan Lee";
				TargetAttributes = {
					C6164C1A1984D1CD00F8F7D7 = {
						CreatedOnToolsVersion = 6.0;
						LastSwiftMigration = 0800;
					};
				};
			};
			buildConfigurationList = C6164C161984D1CD00F8F7D7 /* Build configuration list for PBXProject "SnapchatSwipeView" */;
			compatibilityVersion = "Xcode 3.2";
			developmentRegion = English;
			hasScannedForEncodings = 0;
			knownRegions = (
				en,
				Base,
			);
			mainGroup = C6164C121984D1CD00F8F7D7;
			productRefGroup = C6164C1C1984D1CD00F8F7D7 /* Products */;
			projectDirPath = "";
			projectRoot = "";
			targets = (
				C6164C1A1984D1CD00F8F7D7 /* SnapchatSwipeView */,
			);
		};
/* End PBXProject section */

/* Begin PBXResourcesBuildPhase section */
		C6164C191984D1CD00F8F7D7 /* Resources */ = {
			isa = PBXResourcesBuildPhase;
			buildActionMask = 2147483647;
			files = (
				22656DEE1C205A6800BF6959 /* Launch Screen.storyboard in Resources */,
				22D3F91A1B87A81D00D132E3 /* Images.xcassets in Resources */,
				22656DEC1C2059C100BF6959 /* Main.storyboard in Resources */,
			);
			runOnlyForDeploymentPostprocessing = 0;
		};
/* End PBXResourcesBuildPhase section */

/* Begin PBXSourcesBuildPhase section */
		C6164C171984D1CD00F8F7D7 /* Sources */ = {
			isa = PBXSourcesBuildPhase;
			buildActionMask = 2147483647;
			files = (
				22656DEA1C1F67D700BF6959 /* VerticalScrollViewController.swift in Sources */,
				22D3F9311B87A8B800D132E3 /* SnapContainerViewController.swift in Sources */,
				22D3F92C1B87A8B800D132E3 /* AppDelegate.swift in Sources */,
			);
			runOnlyForDeploymentPostprocessing = 0;
		};
/* End PBXSourcesBuildPhase section */

/* Begin XCBuildConfiguration section */
		C6164C351984D1CD00F8F7D7 /* Debug */ = {
			isa = XCBuildConfiguration;
			buildSettings = {
				ALWAYS_SEARCH_USER_PATHS = NO;
				CLANG_CXX_LANGUAGE_STANDARD = "gnu++0x";
				CLANG_CXX_LIBRARY = "libc++";
				CLANG_ENABLE_MODULES = YES;
				CLANG_ENABLE_OBJC_ARC = YES;
				CLANG_WARN_BOOL_CONVERSION = YES;
				CLANG_WARN_CONSTANT_CONVERSION = YES;
				CLANG_WARN_DIRECT_OBJC_ISA_USAGE = YES_ERROR;
				CLANG_WARN_EMPTY_BODY = YES;
				CLANG_WARN_ENUM_CONVERSION = YES;
				CLANG_WARN_INT_CONVERSION = YES;
				CLANG_WARN_OBJC_ROOT_CLASS = YES_ERROR;
				CLANG_WARN_UNREACHABLE_CODE = YES;
				CLANG_WARN__DUPLICATE_METHOD_MATCH = YES;
				"CODE_SIGN_IDENTITY[sdk=iphoneos*]" = "iPhone Developer";
				COPY_PHASE_STRIP = NO;
				ENABLE_STRICT_OBJC_MSGSEND = YES;
				GCC_C_LANGUAGE_STANDARD = gnu99;
				GCC_DYNAMIC_NO_PIC = NO;
				GCC_OPTIMIZATION_LEVEL = 0;
				GCC_PREPROCESSOR_DEFINITIONS = (
					"DEBUG=1",
					"$(inherited)",
				);
				GCC_SYMBOLS_PRIVATE_EXTERN = NO;
				GCC_WARN_64_TO_32_BIT_CONVERSION = YES;
				GCC_WARN_ABOUT_RETURN_TYPE = YES_ERROR;
				GCC_WARN_UNDECLARED_SELECTOR = YES;
				GCC_WARN_UNINITIALIZED_AUTOS = YES_AGGRESSIVE;
				GCC_WARN_UNUSED_FUNCTION = YES;
				GCC_WARN_UNUSED_VARIABLE = YES;
				IPHONEOS_DEPLOYMENT_TARGET = 8.4;
				MTL_ENABLE_DEBUG_INFO = YES;
				ONLY_ACTIVE_ARCH = YES;
				SDKROOT = iphoneos;
				SWIFT_OPTIMIZATION_LEVEL = "-Onone";
			};
			name = Debug;
		};
		C6164C361984D1CD00F8F7D7 /* Release */ = {
			isa = XCBuildConfiguration;
			buildSettings = {
				ALWAYS_SEARCH_USER_PATHS = NO;
				CLANG_CXX_LANGUAGE_STANDARD = "gnu++0x";
				CLANG_CXX_LIBRARY = "libc++";
				CLANG_ENABLE_MODULES = YES;
				CLANG_ENABLE_OBJC_ARC = YES;
				CLANG_WARN_BOOL_CONVERSION = YES;
				CLANG_WARN_CONSTANT_CONVERSION = YES;
				CLANG_WARN_DIRECT_OBJC_ISA_USAGE = YES_ERROR;
				CLANG_WARN_EMPTY_BODY = YES;
				CLANG_WARN_ENUM_CONVERSION = YES;
				CLANG_WARN_INT_CONVERSION = YES;
				CLANG_WARN_OBJC_ROOT_CLASS = YES_ERROR;
				CLANG_WARN_UNREACHABLE_CODE = YES;
				CLANG_WARN__DUPLICATE_METHOD_MATCH = YES;
				"CODE_SIGN_IDENTITY[sdk=iphoneos*]" = "iPhone Developer";
				COPY_PHASE_STRIP = YES;
				ENABLE_NS_ASSERTIONS = NO;
				ENABLE_STRICT_OBJC_MSGSEND = YES;
				GCC_C_LANGUAGE_STANDARD = gnu99;
				GCC_WARN_64_TO_32_BIT_CONVERSION = YES;
				GCC_WARN_ABOUT_RETURN_TYPE = YES_ERROR;
				GCC_WARN_UNDECLARED_SELECTOR = YES;
				GCC_WARN_UNINITIALIZED_AUTOS = YES_AGGRESSIVE;
				GCC_WARN_UNUSED_FUNCTION = YES;
				GCC_WARN_UNUSED_VARIABLE = YES;
				IPHONEOS_DEPLOYMENT_TARGET = 8.4;
				MTL_ENABLE_DEBUG_INFO = NO;
				SDKROOT = iphoneos;
				VALIDATE_PRODUCT = YES;
			};
			name = Release;
		};
		C6164C381984D1CD00F8F7D7 /* Debug */ = {
			isa = XCBuildConfiguration;
			buildSettings = {
				ASSETCATALOG_COMPILER_APPICON_NAME = AppIcon;
				CLANG_ENABLE_MODULES = YES;
				INFOPLIST_FILE = SnapchatSwipeView/Info.plist;
				IPHONEOS_DEPLOYMENT_TARGET = 8.4;
				LD_RUNPATH_SEARCH_PATHS = "$(inherited) @executable_path/Frameworks";
				PRODUCT_NAME = SnapchatSwipeView;
				SWIFT_OPTIMIZATION_LEVEL = "-Onone";
				SWIFT_VERSION = 3.0;
			};
			name = Debug;
		};
		C6164C391984D1CD00F8F7D7 /* Release */ = {
			isa = XCBuildConfiguration;
			buildSettings = {
				ASSETCATALOG_COMPILER_APPICON_NAME = AppIcon;
				CLANG_ENABLE_MODULES = YES;
				INFOPLIST_FILE = SnapchatSwipeView/Info.plist;
				IPHONEOS_DEPLOYMENT_TARGET = 8.4;
				LD_RUNPATH_SEARCH_PATHS = "$(inherited) @executable_path/Frameworks";
				PRODUCT_NAME = SnapchatSwipeView;
				SWIFT_VERSION = 3.0;
			};
			name = Release;
		};
/* End XCBuildConfiguration section */

/* Begin XCConfigurationList section */
		C6164C161984D1CD00F8F7D7 /* Build configuration list for PBXProject "SnapchatSwipeView" */ = {
			isa = XCConfigurationList;
			buildConfigurations = (
				C6164C351984D1CD00F8F7D7 /* Debug */,
				C6164C361984D1CD00F8F7D7 /* Release */,
			);
			defaultConfigurationIsVisible = 0;
			defaultConfigurationName = Release;
		};
		C6164C371984D1CD00F8F7D7 /* Build configuration list for PBXNativeTarget "SnapchatSwipeView" */ = {
			isa = XCConfigurationList;
			buildConfigurations = (
				C6164C381984D1CD00F8F7D7 /* Debug */,
				C6164C391984D1CD00F8F7D7 /* Release */,
			);
			defaultConfigurationIsVisible = 0;
			defaultConfigurationName = Release;
		};
/* End XCConfigurationList section */
	};
	rootObject = C6164C131984D1CD00F8F7D7 /* Project object */;
}
